
Microsoft Visual Studio Solution File, Format Version 12.00
# Visual Studio Version 17
VisualStudioVersion = 17.4.33213.308
MinimumVisualStudioVersion = 10.0.40219.1
Project("{9A19103F-16F7-4668-BE54-9A1E7A4F7556}") = "VendorBoilerplate", "VendorBoilerplate.csproj", "{0262E800-487F-4A7D-A401-1A5237D1B26A}"
EndProject
Global
	GlobalSection(SolutionConfigurationPlatforms) = preSolution
		Debug|Any CPU = Debug|Any CPU
		Release|Any CPU = Release|Any CPU
	EndGlobalSection
	GlobalSection(ProjectConfigurationPlatforms) = postSolution
		{0262E800-487F-4A7D-A401-1A5237D1B26A}.Debug|Any CPU.ActiveCfg = Debug|Any CPU
		{0262E800-487F-4A7D-A401-1A5237D1B26A}.Debug|Any CPU.Build.0 = Debug|Any CPU
		{0262E800-487F-4A7D-A401-1A5237D1B26A}.Release|Any CPU.ActiveCfg = Release|Any CPU
		{0262E800-487F-4A7D-A401-1A5237D1B26A}.Release|Any CPU.Build.0 = Release|Any CPU
	EndGlobalSection
	GlobalSection(SolutionProperties) = preSolution
		HideSolutionNode = FALSE
	EndGlobalSection
	GlobalSection(ExtensibilityGlobals) = postSolution
		SolutionGuid = {D072A950-08DD-4158-8890-F8BBEF50976A}
	EndGlobalSection
EndGlobal
